
Microsoft Visual Studio Solution File, Format Version 12.00
# Visual Studio Version 17
VisualStudioVersion = 17.9.34723.18
MinimumVisualStudioVersion = 10.0.40219.1
Project("{FAE04EC0-301F-11D3-BF4B-00C04F79EFBC}") = "DDD.ToDo.WebAPI", "DDD.ToDo.WebAPI\DDD.ToDo.WebAPI.csproj", "{C795BFE0-48E7-43E0-AD05-9AA3B8866196}"
EndProject
Project("{FAE04EC0-301F-11D3-BF4B-00C04F79EFBC}") = "DDD.ToDo.Application", "DDD.ToDo.Application\DDD.ToDo.Application.csproj", "{D9019667-AE67-47AA-B471-12C07AE48192}"
EndProject
Project("{FAE04EC0-301F-11D3-BF4B-00C04F79EFBC}") = "DDD.ToDo.Infrastructure", "DDD.ToDo.Infrastructure\DDD.ToDo.Infrastructure.csproj", "{A067F9F5-4053-4FCD-8B17-4E12144E2711}"
EndProject
Project("{FAE04EC0-301F-11D3-BF4B-00C04F79EFBC}") = "DDD.ToDo.Domain", "DDD.ToDo.Domain\DDD.ToDo.Domain.csproj", "{359C6D9B-3712-4F2D-8CE6-CF765E0ECB3E}"
EndProject
Project("{FAE04EC0-301F-11D3-BF4B-00C04F79EFBC}") = "DDD.ToDo.Persistence", "DDD.ToDo.Persistence\DDD.ToDo.Persistence.csproj", "{49B8418D-E88A-4E68-993A-332E5F05839F}"
EndProject
Global
	GlobalSection(SolutionConfigurationPlatforms) = preSolution
		Debug|Any CPU = Debug|Any CPU
		Release|Any CPU = Release|Any CPU
	EndGlobalSection
	GlobalSection(ProjectConfigurationPlatforms) = postSolution
		{C795BFE0-48E7-43E0-AD05-9AA3B8866196}.Debug|Any CPU.ActiveCfg = Debug|Any CPU
		{C795BFE0-48E7-43E0-AD05-9AA3B8866196}.Debug|Any CPU.Build.0 = Debug|Any CPU
		{C795BFE0-48E7-43E0-AD05-9AA3B8866196}.Release|Any CPU.ActiveCfg = Release|Any CPU
		{C795BFE0-48E7-43E0-AD05-9AA3B8866196}.Release|Any CPU.Build.0 = Release|Any CPU
		{D9019667-AE67-47AA-B471-12C07AE48192}.Debug|Any CPU.ActiveCfg = Debug|Any CPU
		{D9019667-AE67-47AA-B471-12C07AE48192}.Debug|Any CPU.Build.0 = Debug|Any CPU
		{D9019667-AE67-47AA-B471-12C07AE48192}.Release|Any CPU.ActiveCfg = Release|Any CPU
		{D9019667-AE67-47AA-B471-12C07AE48192}.Release|Any CPU.Build.0 = Release|Any CPU
		{A067F9F5-4053-4FCD-8B17-4E12144E2711}.Debug|Any CPU.ActiveCfg = Debug|Any CPU
		{A067F9F5-4053-4FCD-8B17-4E12144E2711}.Debug|Any CPU.Build.0 = Debug|Any CPU
		{A067F9F5-4053-4FCD-8B17-4E12144E2711}.Release|Any CPU.ActiveCfg = Release|Any CPU
		{A067F9F5-4053-4FCD-8B17-4E12144E2711}.Release|Any CPU.Build.0 = Release|Any CPU
		{359C6D9B-3712-4F2D-8CE6-CF765E0ECB3E}.Debug|Any CPU.ActiveCfg = Debug|Any CPU
		{359C6D9B-3712-4F2D-8CE6-CF765E0ECB3E}.Debug|Any CPU.Build.0 = Debug|Any CPU
		{359C6D9B-3712-4F2D-8CE6-CF765E0ECB3E}.Release|Any CPU.ActiveCfg = Release|Any CPU
		{359C6D9B-3712-4F2D-8CE6-CF765E0ECB3E}.Release|Any CPU.Build.0 = Release|Any CPU
		{49B8418D-E88A-4E68-993A-332E5F05839F}.Debug|Any CPU.ActiveCfg = Debug|Any CPU
		{49B8418D-E88A-4E68-993A-332E5F05839F}.Debug|Any CPU.Build.0 = Debug|Any CPU
		{49B8418D-E88A-4E68-993A-332E5F05839F}.Release|Any CPU.ActiveCfg = Release|Any CPU
		{49B8418D-E88A-4E68-993A-332E5F05839F}.Release|Any CPU.Build.0 = Release|Any CPU
	EndGlobalSection
	GlobalSection(SolutionProperties) = preSolution
		HideSolutionNode = FALSE
	EndGlobalSection
	GlobalSection(ExtensibilityGlobals) = postSolution
		SolutionGuid = {B72A7822-D599-491F-97B1-0ACC1D254460}
	EndGlobalSection
EndGlobal
